
Microsoft Visual Studio Solution File, Format Version 12.00
# Visual Studio 2013
VisualStudioVersion = 12.0.31101.0
MinimumVisualStudioVersion = 10.0.40219.1
Project("{FAE04EC0-301F-11D3-BF4B-00C04F79EFBC}") = "KeepRunk.Core", "KeepRunk.Core\KeepRunk.Core.csproj", "{441A2BD0-8772-4B15-9C52-C4E31B46ED94}"
EndProject
Project("{2150E333-8FDC-42A3-9474-1A3956D46DE8}") = "02_Data", "02_Data", "{6AB6EB9B-5907-48DC-AD62-FCB14540BEBB}"
EndProject
Project("{2150E333-8FDC-42A3-9474-1A3956D46DE8}") = "01_Core", "01_Core", "{4CC3513F-E37B-45D5-ABA1-F0ADAC7EFB25}"
EndProject
Project("{2150E333-8FDC-42A3-9474-1A3956D46DE8}") = "03_CompoentService", "03_CompoentService", "{F9603DEB-9676-4B4F-BE5F-4B9371E240D3}"
EndProject
Project("{2150E333-8FDC-42A3-9474-1A3956D46DE8}") = "04_ApplicationService", "04_ApplicationService", "{821E0FCA-2723-498A-8382-68ACF5C4CA7E}"
EndProject
Project("{2150E333-8FDC-42A3-9474-1A3956D46DE8}") = "06_Tests", "06_Tests", "{749CA9DA-D9B6-4989-AE72-AA5FB3B4E844}"
EndProject
Project("{2150E333-8FDC-42A3-9474-1A3956D46DE8}") = "05_WebApplication", "05_WebApplication", "{747B09B2-A9BE-42A2-A53D-3FD652B2AC47}"
EndProject
Project("{FAE04EC0-301F-11D3-BF4B-00C04F79EFBC}") = "com.gyt.mgs", "com.gyt.mgs\com.gyt.mgs.csproj", "{1AAB59B7-1B36-4AD5-AAE7-5A01069879D2}"
EndProject
Project("{FAE04EC0-301F-11D3-BF4B-00C04F79EFBC}") = "KeepRunk.Core.UnitTest.Tests", "KeepRunk.Core.UnitTest.Tests\KeepRunk.Core.UnitTest.Tests.csproj", "{17A0F747-7C26-4DE7-8858-B6A1E9288E2C}"
EndProject
Project("{FAE04EC0-301F-11D3-BF4B-00C04F79EFBC}") = "GYT.Entities", "GYT.Entities\GYT.Entities.csproj", "{B0E7ABEB-A1C0-4FBE-B92E-F3FB4BEDB614}"
EndProject
Project("{FAE04EC0-301F-11D3-BF4B-00C04F79EFBC}") = "GYT.Dtos", "GYT.Dtos\GYT.Dtos.csproj", "{7473CD33-3DCE-4FC8-8D57-CB92A9287DC7}"
EndProject
Project("{FAE04EC0-301F-11D3-BF4B-00C04F79EFBC}") = "GYT.DomainService", "GYT.DomainService\GYT.DomainService.csproj", "{B1F363D7-99A5-4072-BA39-0765C96F7A63}"
EndProject
Project("{FAE04EC0-301F-11D3-BF4B-00C04F79EFBC}") = "GYT.EntityFramework", "GYT.EntityFramework\GYT.EntityFramework.csproj", "{6CF04AA3-2FDF-4B96-AE1E-119DD0E5E4C5}"
EndProject
Project("{FAE04EC0-301F-11D3-BF4B-00C04F79EFBC}") = "GYT.ApplicationService", "GYT.ApplicationService\GYT.ApplicationService.csproj", "{4C81E9EC-7309-402C-B223-85E112E7655B}"
EndProject
Project("{FAE04EC0-301F-11D3-BF4B-00C04F79EFBC}") = "GYT.UnitTest.Tests", "GYT.UnitTest.Tests\GYT.UnitTest.Tests.csproj", "{4DD443E3-FEF9-4900-87FF-6CDD7500876C}"
EndProject
Project("{FAE04EC0-301F-11D3-BF4B-00C04F79EFBC}") = "KeepRunk.EntityFramework", "KeepRunk.EntityFramework\KeepRunk.EntityFramework.csproj", "{ACA14035-C5F1-4C16-BD54-CE8A290B1485}"
EndProject
Global
	GlobalSection(SolutionConfigurationPlatforms) = preSolution
		Debug|Any CPU = Debug|Any CPU
		Release|Any CPU = Release|Any CPU
	EndGlobalSection
	GlobalSection(ProjectConfigurationPlatforms) = postSolution
		{441A2BD0-8772-4B15-9C52-C4E31B46ED94}.Debug|Any CPU.ActiveCfg = Debug|Any CPU
		{441A2BD0-8772-4B15-9C52-C4E31B46ED94}.Debug|Any CPU.Build.0 = Debug|Any CPU
		{441A2BD0-8772-4B15-9C52-C4E31B46ED94}.Release|Any CPU.ActiveCfg = Release|Any CPU
		{441A2BD0-8772-4B15-9C52-C4E31B46ED94}.Release|Any CPU.Build.0 = Release|Any CPU
		{1AAB59B7-1B36-4AD5-AAE7-5A01069879D2}.Debug|Any CPU.ActiveCfg = Debug|Any CPU
		{1AAB59B7-1B36-4AD5-AAE7-5A01069879D2}.Debug|Any CPU.Build.0 = Debug|Any CPU
		{1AAB59B7-1B36-4AD5-AAE7-5A01069879D2}.Release|Any CPU.ActiveCfg = Release|Any CPU
		{1AAB59B7-1B36-4AD5-AAE7-5A01069879D2}.Release|Any CPU.Build.0 = Release|Any CPU
		{17A0F747-7C26-4DE7-8858-B6A1E9288E2C}.Debug|Any CPU.ActiveCfg = Debug|Any CPU
		{17A0F747-7C26-4DE7-8858-B6A1E9288E2C}.Debug|Any CPU.Build.0 = Debug|Any CPU
		{17A0F747-7C26-4DE7-8858-B6A1E9288E2C}.Release|Any CPU.ActiveCfg = Release|Any CPU
		{17A0F747-7C26-4DE7-8858-B6A1E9288E2C}.Release|Any CPU.Build.0 = Release|Any CPU
		{B0E7ABEB-A1C0-4FBE-B92E-F3FB4BEDB614}.Debug|Any CPU.ActiveCfg = Debug|Any CPU
		{B0E7ABEB-A1C0-4FBE-B92E-F3FB4BEDB614}.Debug|Any CPU.Build.0 = Debug|Any CPU
		{B0E7ABEB-A1C0-4FBE-B92E-F3FB4BEDB614}.Release|Any CPU.ActiveCfg = Release|Any CPU
		{B0E7ABEB-A1C0-4FBE-B92E-F3FB4BEDB614}.Release|Any CPU.Build.0 = Release|Any CPU
		{7473CD33-3DCE-4FC8-8D57-CB92A9287DC7}.Debug|Any CPU.ActiveCfg = Debug|Any CPU
		{7473CD33-3DCE-4FC8-8D57-CB92A9287DC7}.Debug|Any CPU.Build.0 = Debug|Any CPU
		{7473CD33-3DCE-4FC8-8D57-CB92A9287DC7}.Release|Any CPU.ActiveCfg = Release|Any CPU
		{7473CD33-3DCE-4FC8-8D57-CB92A9287DC7}.Release|Any CPU.Build.0 = Release|Any CPU
		{B1F363D7-99A5-4072-BA39-0765C96F7A63}.Debug|Any CPU.ActiveCfg = Debug|Any CPU
		{B1F363D7-99A5-4072-BA39-0765C96F7A63}.Debug|Any CPU.Build.0 = Debug|Any CPU
		{B1F363D7-99A5-4072-BA39-0765C96F7A63}.Release|Any CPU.ActiveCfg = Release|Any CPU
		{B1F363D7-99A5-4072-BA39-0765C96F7A63}.Release|Any CPU.Build.0 = Release|Any CPU
		{6CF04AA3-2FDF-4B96-AE1E-119DD0E5E4C5}.Debug|Any CPU.ActiveCfg = Debug|Any CPU
		{6CF04AA3-2FDF-4B96-AE1E-119DD0E5E4C5}.Debug|Any CPU.Build.0 = Debug|Any CPU
		{6CF04AA3-2FDF-4B96-AE1E-119DD0E5E4C5}.Release|Any CPU.ActiveCfg = Release|Any CPU
		{6CF04AA3-2FDF-4B96-AE1E-119DD0E5E4C5}.Release|Any CPU.Build.0 = Release|Any CPU
		{4C81E9EC-7309-402C-B223-85E112E7655B}.Debug|Any CPU.ActiveCfg = Debug|Any CPU
		{4C81E9EC-7309-402C-B223-85E112E7655B}.Debug|Any CPU.Build.0 = Debug|Any CPU
		{4C81E9EC-7309-402C-B223-85E112E7655B}.Release|Any CPU.ActiveCfg = Release|Any CPU
		{4C81E9EC-7309-402C-B223-85E112E7655B}.Release|Any CPU.Build.0 = Release|Any CPU
		{4DD443E3-FEF9-4900-87FF-6CDD7500876C}.Debug|Any CPU.ActiveCfg = Debug|Any CPU
		{4DD443E3-FEF9-4900-87FF-6CDD7500876C}.Debug|Any CPU.Build.0 = Debug|Any CPU
		{4DD443E3-FEF9-4900-87FF-6CDD7500876C}.Release|Any CPU.ActiveCfg = Release|Any CPU
		{4DD443E3-FEF9-4900-87FF-6CDD7500876C}.Release|Any CPU.Build.0 = Release|Any CPU
		{ACA14035-C5F1-4C16-BD54-CE8A290B1485}.Debug|Any CPU.ActiveCfg = Debug|Any CPU
		{ACA14035-C5F1-4C16-BD54-CE8A290B1485}.Debug|Any CPU.Build.0 = Debug|Any CPU
		{ACA14035-C5F1-4C16-BD54-CE8A290B1485}.Release|Any CPU.ActiveCfg = Release|Any CPU
		{ACA14035-C5F1-4C16-BD54-CE8A290B1485}.Release|Any CPU.Build.0 = Release|Any CPU
	EndGlobalSection
	GlobalSection(SolutionProperties) = preSolution
		HideSolutionNode = FALSE
	EndGlobalSection
	GlobalSection(NestedProjects) = preSolution
		{441A2BD0-8772-4B15-9C52-C4E31B46ED94} = {4CC3513F-E37B-45D5-ABA1-F0ADAC7EFB25}
		{1AAB59B7-1B36-4AD5-AAE7-5A01069879D2} = {747B09B2-A9BE-42A2-A53D-3FD652B2AC47}
		{17A0F747-7C26-4DE7-8858-B6A1E9288E2C} = {749CA9DA-D9B6-4989-AE72-AA5FB3B4E844}
		{B0E7ABEB-A1C0-4FBE-B92E-F3FB4BEDB614} = {6AB6EB9B-5907-48DC-AD62-FCB14540BEBB}
		{7473CD33-3DCE-4FC8-8D57-CB92A9287DC7} = {6AB6EB9B-5907-48DC-AD62-FCB14540BEBB}
		{B1F363D7-99A5-4072-BA39-0765C96F7A63} = {F9603DEB-9676-4B4F-BE5F-4B9371E240D3}
		{6CF04AA3-2FDF-4B96-AE1E-119DD0E5E4C5} = {F9603DEB-9676-4B4F-BE5F-4B9371E240D3}
		{4C81E9EC-7309-402C-B223-85E112E7655B} = {821E0FCA-2723-498A-8382-68ACF5C4CA7E}
		{4DD443E3-FEF9-4900-87FF-6CDD7500876C} = {749CA9DA-D9B6-4989-AE72-AA5FB3B4E844}
		{ACA14035-C5F1-4C16-BD54-CE8A290B1485} = {4CC3513F-E37B-45D5-ABA1-F0ADAC7EFB25}
	EndGlobalSection
EndGlobal
