
Microsoft Visual Studio Solution File, Format Version 12.00
# Visual Studio 2013
VisualStudioVersion = 12.0.31101.0
MinimumVisualStudioVersion = 10.0.40219.1
Project("{FAE04EC0-301F-11D3-BF4B-00C04F79EFBC}") = "KeepRunk.Core", "KeepRunk.Core\KeepRunk.Core.csproj", "{441A2BD0-8772-4B15-9C52-C4E31B46ED94}"
EndProject
Project("{2150E333-8FDC-42A3-9474-1A3956D46DE8}") = "02_Data", "02_Data", "{6AB6EB9B-5907-48DC-AD62-FCB14540BEBB}"
EndProject
Project("{2150E333-8FDC-42A3-9474-1A3956D46DE8}") = "01_Core", "01_Core", "{4CC3513F-E37B-45D5-ABA1-F0ADAC7EFB25}"
EndProject
Project("{2150E333-8FDC-42A3-9474-1A3956D46DE8}") = "03_CompoentService", "03_CompoentService", "{F9603DEB-9676-4B4F-BE5F-4B9371E240D3}"
EndProject
Project("{2150E333-8FDC-42A3-9474-1A3956D46DE8}") = "04_ApplicationService", "04_ApplicationService", "{821E0FCA-2723-498A-8382-68ACF5C4CA7E}"
EndProject
Project("{2150E333-8FDC-42A3-9474-1A3956D46DE8}") = "06_Tests", "06_Tests", "{749CA9DA-D9B6-4989-AE72-AA5FB3B4E844}"
EndProject
Project("{2150E333-8FDC-42A3-9474-1A3956D46DE8}") = "05_WebApplication", "05_WebApplication", "{747B09B2-A9BE-42A2-A53D-3FD652B2AC47}"
EndProject
Project("{FAE04EC0-301F-11D3-BF4B-00C04F79EFBC}") = "KeepRunk.Dtos", "KeepRunk.Dtos\KeepRunk.Dtos.csproj", "{696576B7-67F5-4ECE-AD3C-4D67D8B637DF}"
EndProject
Project("{FAE04EC0-301F-11D3-BF4B-00C04F79EFBC}") = "KeepRunk.EntityFramework", "KeepRunk.EntityFramework\KeepRunk.EntityFramework.csproj", "{FB361920-3F84-480E-82D7-9C87D2A8470F}"
EndProject
Project("{FAE04EC0-301F-11D3-BF4B-00C04F79EFBC}") = "KeepRunk.ApplicationService", "KeepRunk.ApplicationService\KeepRunk.ApplicationService.csproj", "{E5A32D6D-C493-442F-BBC1-7C5BBA42E216}"
EndProject
Project("{FAE04EC0-301F-11D3-BF4B-00C04F79EFBC}") = "KeepRunk.DomainService", "KeepRunk.DomainService\KeepRunk.DomainService.csproj", "{F5FAC87F-F3DA-42DD-AA8F-500FBA5FB476}"
EndProject
Project("{FAE04EC0-301F-11D3-BF4B-00C04F79EFBC}") = "com.gyt.mgs", "com.gyt.mgs\com.gyt.mgs.csproj", "{1AAB59B7-1B36-4AD5-AAE7-5A01069879D2}"
EndProject
Project("{FAE04EC0-301F-11D3-BF4B-00C04F79EFBC}") = "KeepRunk.UnitTest.Tests", "KeepRunk.UnitTest.Tests\KeepRunk.UnitTest.Tests.csproj", "{0341777E-84BA-4CF9-A06A-C90D24DA2331}"
EndProject
Project("{FAE04EC0-301F-11D3-BF4B-00C04F79EFBC}") = "KeepRunk.Entities", "KeepRunk.Entities\KeepRunk.Entities.csproj", "{2320D57E-2BAB-4598-BDBB-636AD28207F5}"
EndProject
Project("{FAE04EC0-301F-11D3-BF4B-00C04F79EFBC}") = "KeepRunk.Core.UnitTest.Tests", "KeepRunk.Core.UnitTest.Tests\KeepRunk.Core.UnitTest.Tests.csproj", "{17A0F747-7C26-4DE7-8858-B6A1E9288E2C}"
EndProject
Global
	GlobalSection(SolutionConfigurationPlatforms) = preSolution
		Debug|Any CPU = Debug|Any CPU
		Release|Any CPU = Release|Any CPU
	EndGlobalSection
	GlobalSection(ProjectConfigurationPlatforms) = postSolution
		{441A2BD0-8772-4B15-9C52-C4E31B46ED94}.Debug|Any CPU.ActiveCfg = Debug|Any CPU
		{441A2BD0-8772-4B15-9C52-C4E31B46ED94}.Debug|Any CPU.Build.0 = Debug|Any CPU
		{441A2BD0-8772-4B15-9C52-C4E31B46ED94}.Release|Any CPU.ActiveCfg = Release|Any CPU
		{441A2BD0-8772-4B15-9C52-C4E31B46ED94}.Release|Any CPU.Build.0 = Release|Any CPU
		{696576B7-67F5-4ECE-AD3C-4D67D8B637DF}.Debug|Any CPU.ActiveCfg = Debug|Any CPU
		{696576B7-67F5-4ECE-AD3C-4D67D8B637DF}.Debug|Any CPU.Build.0 = Debug|Any CPU
		{696576B7-67F5-4ECE-AD3C-4D67D8B637DF}.Release|Any CPU.ActiveCfg = Release|Any CPU
		{696576B7-67F5-4ECE-AD3C-4D67D8B637DF}.Release|Any CPU.Build.0 = Release|Any CPU
		{FB361920-3F84-480E-82D7-9C87D2A8470F}.Debug|Any CPU.ActiveCfg = Debug|Any CPU
		{FB361920-3F84-480E-82D7-9C87D2A8470F}.Debug|Any CPU.Build.0 = Debug|Any CPU
		{FB361920-3F84-480E-82D7-9C87D2A8470F}.Release|Any CPU.ActiveCfg = Release|Any CPU
		{FB361920-3F84-480E-82D7-9C87D2A8470F}.Release|Any CPU.Build.0 = Release|Any CPU
		{E5A32D6D-C493-442F-BBC1-7C5BBA42E216}.Debug|Any CPU.ActiveCfg = Debug|Any CPU
		{E5A32D6D-C493-442F-BBC1-7C5BBA42E216}.Debug|Any CPU.Build.0 = Debug|Any CPU
		{E5A32D6D-C493-442F-BBC1-7C5BBA42E216}.Release|Any CPU.ActiveCfg = Release|Any CPU
		{E5A32D6D-C493-442F-BBC1-7C5BBA42E216}.Release|Any CPU.Build.0 = Release|Any CPU
		{F5FAC87F-F3DA-42DD-AA8F-500FBA5FB476}.Debug|Any CPU.ActiveCfg = Debug|Any CPU
		{F5FAC87F-F3DA-42DD-AA8F-500FBA5FB476}.Debug|Any CPU.Build.0 = Debug|Any CPU
		{F5FAC87F-F3DA-42DD-AA8F-500FBA5FB476}.Release|Any CPU.ActiveCfg = Release|Any CPU
		{F5FAC87F-F3DA-42DD-AA8F-500FBA5FB476}.Release|Any CPU.Build.0 = Release|Any CPU
		{1AAB59B7-1B36-4AD5-AAE7-5A01069879D2}.Debug|Any CPU.ActiveCfg = Debug|Any CPU
		{1AAB59B7-1B36-4AD5-AAE7-5A01069879D2}.Debug|Any CPU.Build.0 = Debug|Any CPU
		{1AAB59B7-1B36-4AD5-AAE7-5A01069879D2}.Release|Any CPU.ActiveCfg = Release|Any CPU
		{1AAB59B7-1B36-4AD5-AAE7-5A01069879D2}.Release|Any CPU.Build.0 = Release|Any CPU
		{0341777E-84BA-4CF9-A06A-C90D24DA2331}.Debug|Any CPU.ActiveCfg = Debug|Any CPU
		{0341777E-84BA-4CF9-A06A-C90D24DA2331}.Debug|Any CPU.Build.0 = Debug|Any CPU
		{0341777E-84BA-4CF9-A06A-C90D24DA2331}.Release|Any CPU.ActiveCfg = Release|Any CPU
		{0341777E-84BA-4CF9-A06A-C90D24DA2331}.Release|Any CPU.Build.0 = Release|Any CPU
		{2320D57E-2BAB-4598-BDBB-636AD28207F5}.Debug|Any CPU.ActiveCfg = Debug|Any CPU
		{2320D57E-2BAB-4598-BDBB-636AD28207F5}.Debug|Any CPU.Build.0 = Debug|Any CPU
		{2320D57E-2BAB-4598-BDBB-636AD28207F5}.Release|Any CPU.ActiveCfg = Release|Any CPU
		{2320D57E-2BAB-4598-BDBB-636AD28207F5}.Release|Any CPU.Build.0 = Release|Any CPU
		{17A0F747-7C26-4DE7-8858-B6A1E9288E2C}.Debug|Any CPU.ActiveCfg = Debug|Any CPU
		{17A0F747-7C26-4DE7-8858-B6A1E9288E2C}.Debug|Any CPU.Build.0 = Debug|Any CPU
		{17A0F747-7C26-4DE7-8858-B6A1E9288E2C}.Release|Any CPU.ActiveCfg = Release|Any CPU
		{17A0F747-7C26-4DE7-8858-B6A1E9288E2C}.Release|Any CPU.Build.0 = Release|Any CPU
	EndGlobalSection
	GlobalSection(SolutionProperties) = preSolution
		HideSolutionNode = FALSE
	EndGlobalSection
	GlobalSection(NestedProjects) = preSolution
		{441A2BD0-8772-4B15-9C52-C4E31B46ED94} = {4CC3513F-E37B-45D5-ABA1-F0ADAC7EFB25}
		{696576B7-67F5-4ECE-AD3C-4D67D8B637DF} = {6AB6EB9B-5907-48DC-AD62-FCB14540BEBB}
		{FB361920-3F84-480E-82D7-9C87D2A8470F} = {F9603DEB-9676-4B4F-BE5F-4B9371E240D3}
		{E5A32D6D-C493-442F-BBC1-7C5BBA42E216} = {821E0FCA-2723-498A-8382-68ACF5C4CA7E}
		{F5FAC87F-F3DA-42DD-AA8F-500FBA5FB476} = {F9603DEB-9676-4B4F-BE5F-4B9371E240D3}
		{1AAB59B7-1B36-4AD5-AAE7-5A01069879D2} = {747B09B2-A9BE-42A2-A53D-3FD652B2AC47}
		{0341777E-84BA-4CF9-A06A-C90D24DA2331} = {749CA9DA-D9B6-4989-AE72-AA5FB3B4E844}
		{2320D57E-2BAB-4598-BDBB-636AD28207F5} = {6AB6EB9B-5907-48DC-AD62-FCB14540BEBB}
		{17A0F747-7C26-4DE7-8858-B6A1E9288E2C} = {749CA9DA-D9B6-4989-AE72-AA5FB3B4E844}
	EndGlobalSection
EndGlobal
